
Microsoft Visual Studio Solution File, Format Version 12.00
# Visual Studio Version 17
VisualStudioVersion = 17.7.34031.279
MinimumVisualStudioVersion = 10.0.40219.1
Project("{FAE04EC0-301F-11D3-BF4B-00C04F79EFBC}") = "Github_Practice_1", "Github_Practice_1.csproj", "{A1439DD8-70F3-474C-B33B-B06F99690019}"
EndProject
Global
	GlobalSection(SolutionConfigurationPlatforms) = preSolution
		Debug|Any CPU = Debug|Any CPU
		Release|Any CPU = Release|Any CPU
	EndGlobalSection
	GlobalSection(ProjectConfigurationPlatforms) = postSolution
		{A1439DD8-70F3-474C-B33B-B06F99690019}.Debug|Any CPU.ActiveCfg = Debug|Any CPU
		{A1439DD8-70F3-474C-B33B-B06F99690019}.Debug|Any CPU.Build.0 = Debug|Any CPU
		{A1439DD8-70F3-474C-B33B-B06F99690019}.Release|Any CPU.ActiveCfg = Release|Any CPU
		{A1439DD8-70F3-474C-B33B-B06F99690019}.Release|Any CPU.Build.0 = Release|Any CPU
	EndGlobalSection
	GlobalSection(SolutionProperties) = preSolution
		HideSolutionNode = FALSE
	EndGlobalSection
	GlobalSection(ExtensibilityGlobals) = postSolution
		SolutionGuid = {A7492FE9-ECE7-463E-B7E1-87E4DC0EC40E}
	EndGlobalSection
EndGlobal
